
Microsoft Visual Studio Solution File, Format Version 12.00
# Visual Studio Version 16
VisualStudioVersion = 16.0.29911.84
MinimumVisualStudioVersion = 10.0.40219.1
Project("{FAE04EC0-301F-11D3-BF4B-00C04F79EFBC}") = "OOP_Lecture", "OOP_Lecture\OOP_Lecture.csproj", "{D518A223-4216-4742-B284-0629748D2EF0}"
EndProject
Global
	GlobalSection(SolutionConfigurationPlatforms) = preSolution
		Debug|Any CPU = Debug|Any CPU
		Release|Any CPU = Release|Any CPU
	EndGlobalSection
	GlobalSection(ProjectConfigurationPlatforms) = postSolution
		{D518A223-4216-4742-B284-0629748D2EF0}.Debug|Any CPU.ActiveCfg = Debug|Any CPU
		{D518A223-4216-4742-B284-0629748D2EF0}.Debug|Any CPU.Build.0 = Debug|Any CPU
		{D518A223-4216-4742-B284-0629748D2EF0}.Release|Any CPU.ActiveCfg = Release|Any CPU
		{D518A223-4216-4742-B284-0629748D2EF0}.Release|Any CPU.Build.0 = Release|Any CPU
	EndGlobalSection
	GlobalSection(SolutionProperties) = preSolution
		HideSolutionNode = FALSE
	EndGlobalSection
	GlobalSection(ExtensibilityGlobals) = postSolution
		SolutionGuid = {81607D68-4398-4CA7-99C0-240A539CA9B2}
	EndGlobalSection
EndGlobal
